
Microsoft Visual Studio Solution File, Format Version 12.00
# Visual Studio 15
VisualStudioVersion = 15.0.28010.2046
MinimumVisualStudioVersion = 10.0.40219.1
Project("{FAE04EC0-301F-11D3-BF4B-00C04F79EFBC}") = "comp 123 lesson8B", "comp 123 lesson8B\comp 123 lesson8B.csproj", "{A1F34A9D-4F3C-4A9F-A67C-D46EE6F59CB7}"
EndProject
Global
	GlobalSection(SolutionConfigurationPlatforms) = preSolution
		Debug|Any CPU = Debug|Any CPU
		Release|Any CPU = Release|Any CPU
	EndGlobalSection
	GlobalSection(ProjectConfigurationPlatforms) = postSolution
		{A1F34A9D-4F3C-4A9F-A67C-D46EE6F59CB7}.Debug|Any CPU.ActiveCfg = Debug|Any CPU
		{A1F34A9D-4F3C-4A9F-A67C-D46EE6F59CB7}.Debug|Any CPU.Build.0 = Debug|Any CPU
		{A1F34A9D-4F3C-4A9F-A67C-D46EE6F59CB7}.Release|Any CPU.ActiveCfg = Release|Any CPU
		{A1F34A9D-4F3C-4A9F-A67C-D46EE6F59CB7}.Release|Any CPU.Build.0 = Release|Any CPU
	EndGlobalSection
	GlobalSection(SolutionProperties) = preSolution
		HideSolutionNode = FALSE
	EndGlobalSection
	GlobalSection(ExtensibilityGlobals) = postSolution
		SolutionGuid = {5F8BB5F7-E15A-4E38-A5D8-147CCC656573}
	EndGlobalSection
EndGlobal
